// !$*UTF8*$!
{
	archiveVersion = 1;
	classes = {
	};
	objectVersion = 55;
	objects = {

/* Begin PBXBuildFile section */
		0ED8478A1AB89E2D00710ABA /* BluetoothMicControlApp.swift in Sources */ = {isa = PBXBuildFile; fileRef = 0ED847891AB89E2D00710ABA /* BluetoothMicControlApp.swift */; };
		BA7BED1B1DF5EE9E004DA990 /* MicrophoneService.swift in Sources */ = {isa = PBXBuildFile; fileRef = BA7BED1A1DF5EE9E004DA990 /* MicrophoneService.swift */; };
		F6252475293AB1D7004087D5 /* Utils.swift in Sources */ = {isa = PBXBuildFile; fileRef = F6252474293AB1D7004087D5 /* Utils.swift */; };
		F63175CB293A6EA600556B17 /* SimplyCoreAudio in Frameworks */ = {isa = PBXBuildFile; productRef = F63175CA293A6EA600556B17 /* SimplyCoreAudio */; };
		F63B5F6A293A5CCC007AF54A /* MicControlView.swift in Sources */ = {isa = PBXBuildFile; fileRef = F63B5F66293A5CCC007AF54A /* MicControlView.swift */; };
		F63B5F6B293A5CCC007AF54A /* OutputVolumeService.swift in Sources */ = {isa = PBXBuildFile; fileRef = F63B5F67293A5CCC007AF54A /* OutputVolumeService.swift */; };
		F63B5F6C293A5CCC007AF54A /* MicControlViewModel.swift in Sources */ = {isa = PBXBuildFile; fileRef = F63B5F68293A5CCC007AF54A /* MicControlViewModel.swift */; };
/* End PBXBuildFile section */

/* Begin PBXFileReference section */
		0ED847841AB89E2D00710ABA /* BluetoothMicControl.app */ = {isa = PBXFileReference; explicitFileType = wrapper.application; includeInIndex = 0; path = BluetoothMicControl.app; sourceTree = BUILT_PRODUCTS_DIR; };
		0ED847881AB89E2D00710ABA /* Info.plist */ = {isa = PBXFileReference; lastKnownFileType = text.plist.xml; path = Info.plist; sourceTree = "<group>"; };
		0ED847891AB89E2D00710ABA /* BluetoothMicControlApp.swift */ = {isa = PBXFileReference; lastKnownFileType = sourcecode.swift; path = BluetoothMicControlApp.swift; sourceTree = "<group>"; };
		0ED847941AB89E2E00710ABA /* .xctest */ = {isa = PBXFileReference; explicitFileType = wrapper.cfbundle; includeInIndex = 0; path = .xctest; sourceTree = BUILT_PRODUCTS_DIR; };
		BA7BED1A1DF5EE9E004DA990 /* MicrophoneService.swift */ = {isa = PBXFileReference; fileEncoding = 4; lastKnownFileType = sourcecode.swift; path = MicrophoneService.swift; sourceTree = "<group>"; };
		F6252474293AB1D7004087D5 /* Utils.swift */ = {isa = PBXFileReference; lastKnownFileType = sourcecode.swift; path = Utils.swift; sourceTree = "<group>"; };
		F63B5F66293A5CCC007AF54A /* MicControlView.swift */ = {isa = PBXFileReference; fileEncoding = 4; lastKnownFileType = sourcecode.swift; path = MicControlView.swift; sourceTree = "<group>"; };
		F63B5F67293A5CCC007AF54A /* OutputVolumeService.swift */ = {isa = PBXFileReference; fileEncoding = 4; lastKnownFileType = sourcecode.swift; path = OutputVolumeService.swift; sourceTree = "<group>"; };
		F63B5F68293A5CCC007AF54A /* MicControlViewModel.swift */ = {isa = PBXFileReference; fileEncoding = 4; lastKnownFileType = sourcecode.swift; path = MicControlViewModel.swift; sourceTree = "<group>"; };
/* End PBXFileReference section */

/* Begin PBXFrameworksBuildPhase section */
		0ED847811AB89E2D00710ABA /* Frameworks */ = {
			isa = PBXFrameworksBuildPhase;
			buildActionMask = 2147483647;
			files = (
				F63175CB293A6EA600556B17 /* SimplyCoreAudio in Frameworks */,
			);
			runOnlyForDeploymentPostprocessing = 0;
		};
/* End PBXFrameworksBuildPhase section */

/* Begin PBXGroup section */
		0ED8477B1AB89E2D00710ABA = {
			isa = PBXGroup;
			children = (
				0ED847861AB89E2D00710ABA /* BluetoothMicControl */,
				0ED847851AB89E2D00710ABA /* Products */,
			);
			sourceTree = "<group>";
		};
		0ED847851AB89E2D00710ABA /* Products */ = {
			isa = PBXGroup;
			children = (
				0ED847841AB89E2D00710ABA /* BluetoothMicControl.app */,
				0ED847941AB89E2E00710ABA /* .xctest */,
			);
			name = Products;
			sourceTree = "<group>";
		};
		0ED847861AB89E2D00710ABA /* BluetoothMicControl */ = {
			isa = PBXGroup;
			children = (
				F654E3BB293A5FFD008318FA /* Presentation */,
				F63B5F6E293A5CDB007AF54A /* Services */,
				0ED847881AB89E2D00710ABA /* Info.plist */,
				0ED847891AB89E2D00710ABA /* BluetoothMicControlApp.swift */,
				F6252474293AB1D7004087D5 /* Utils.swift */,
			);
			path = BluetoothMicControl;
			sourceTree = "<group>";
		};
		F63B5F6E293A5CDB007AF54A /* Services */ = {
			isa = PBXGroup;
			children = (
				BA7BED1A1DF5EE9E004DA990 /* MicrophoneService.swift */,
				F63B5F67293A5CCC007AF54A /* OutputVolumeService.swift */,
			);
			path = Services;
			sourceTree = "<group>";
		};
		F654E3BB293A5FFD008318FA /* Presentation */ = {
			isa = PBXGroup;
			children = (
				F63B5F66293A5CCC007AF54A /* MicControlView.swift */,
				F63B5F68293A5CCC007AF54A /* MicControlViewModel.swift */,
			);
			path = Presentation;
			sourceTree = "<group>";
		};
/* End PBXGroup section */

/* Begin PBXNativeTarget section */
		0ED847831AB89E2D00710ABA /* BluetoothMicControl */ = {
			isa = PBXNativeTarget;
			buildConfigurationList = 0ED8479E1AB89E2E00710ABA /* Build configuration list for PBXNativeTarget "BluetoothMicControl" */;
			buildPhases = (
				0ED847801AB89E2D00710ABA /* Sources */,
				0ED847811AB89E2D00710ABA /* Frameworks */,
				0ED847821AB89E2D00710ABA /* Resources */,
			);
			buildRules = (
			);
			dependencies = (
			);
			name = BluetoothMicControl;
			packageProductDependencies = (
				F63175CA293A6EA600556B17 /* SimplyCoreAudio */,
			);
			productName = BluetoothMicControl;
			productReference = 0ED847841AB89E2D00710ABA /* BluetoothMicControl.app */;
			productType = "com.apple.product-type.application";
		};
/* End PBXNativeTarget section */

/* Begin PBXProject section */
		0ED8477C1AB89E2D00710ABA /* Project object */ = {
			isa = PBXProject;
			attributes = {
				TargetAttributes = {
					0ED847831AB89E2D00710ABA = {
						CreatedOnToolsVersion = 13.4.2;
					};
				};
			};
			buildConfigurationList = 0ED8477F1AB89E2D00710ABA /* Build configuration list for PBXProject "BluetoothMicControl" */;
			compatibilityVersion = "Xcode 13.0";
			developmentRegion = en;
			hasScannedForEncodings = 0;
			knownRegions = (
				en,
				Base,
			);
			mainGroup = 0ED8477B1AB89E2D00710ABA;
			packageReferences = (
				F63175C9293A6EA600556B17 /* XCRemoteSwiftPackageReference "SimplyCoreAudio" */,
			);
			productRefGroup = 0ED847851AB89E2D00710ABA /* Products */;
			projectDirPath = "";
			projectRoot = "";
			targets = (
				0ED847831AB89E2D00710ABA /* BluetoothMicControl */,
			);
		};
/* End PBXProject section */

/* Begin PBXResourcesBuildPhase section */
		0ED847821AB89E2D00710ABA /* Resources */ = {
			isa = PBXResourcesBuildPhase;
			buildActionMask = 2147483647;
			files = (
			);
			runOnlyForDeploymentPostprocessing = 0;
		};
/* End PBXResourcesBuildPhase section */

/* Begin PBXSourcesBuildPhase section */
		0ED847801AB89E2D00710ABA /* Sources */ = {
			isa = PBXSourcesBuildPhase;
			buildActionMask = 2147483647;
			files = (
				0ED8478A1AB89E2D00710ABA /* BluetoothMicControlApp.swift in Sources */,
				BA7BED1B1DF5EE9E004DA990 /* MicrophoneService.swift in Sources */,
				F63B5F6A293A5CCC007AF54A /* MicControlView.swift in Sources */,
				F63B5F6B293A5CCC007AF54A /* OutputVolumeService.swift in Sources */,
				F63B5F6C293A5CCC007AF54A /* MicControlViewModel.swift in Sources */,
				F6252475293AB1D7004087D5 /* Utils.swift in Sources */,
			);
			runOnlyForDeploymentPostprocessing = 0;
		};
/* End PBXSourcesBuildPhase section */

/* Begin XCBuildConfiguration section */
		0ED8479C1AB89E2E00710ABA /* Debug */ = {
			isa = XCBuildConfiguration;
			buildSettings = {
				ALWAYS_SEARCH_USER_PATHS = NO;
				CLANG_ANALYZER_LOCALIZABILITY_NONLOCALIZED = YES;
				CLANG_CXX_LANGUAGE_STANDARD = "gnu++0x";
				CLANG_CXX_LIBRARY = "libc++";
				CLANG_ENABLE_MODULES = YES;
				CLANG_ENABLE_OBJC_ARC = YES;
				CLANG_WARN_BLOCK_CAPTURE_AUTORELEASING = YES;
				CLANG_WARN_BOOL_CONVERSION = YES;
				CLANG_WARN_COMMA = YES;
				CLANG_WARN_CONSTANT_CONVERSION = YES;
				CLANG_WARN_DEPRECATED_OBJC_IMPLEMENTATIONS = YES;
				CLANG_WARN_DIRECT_OBJC_ISA_USAGE = YES_ERROR;
				CLANG_WARN_EMPTY_BODY = YES;
				CLANG_WARN_ENUM_CONVERSION = YES;
				CLANG_WARN_INFINITE_RECURSION = YES;
				CLANG_WARN_INT_CONVERSION = YES;
				CLANG_WARN_NON_LITERAL_NULL_CONVERSION = YES;
				CLANG_WARN_OBJC_IMPLICIT_RETAIN_SELF = YES;
				CLANG_WARN_OBJC_LITERAL_CONVERSION = YES;
				CLANG_WARN_OBJC_ROOT_CLASS = YES_ERROR;
				CLANG_WARN_QUOTED_INCLUDE_IN_FRAMEWORK_HEADER = YES;
				CLANG_WARN_RANGE_LOOP_ANALYSIS = YES;
				CLANG_WARN_STRICT_PROTOTYPES = YES;
				CLANG_WARN_SUSPICIOUS_MOVE = YES;
				CLANG_WARN_UNREACHABLE_CODE = YES;
				CLANG_WARN__DUPLICATE_METHOD_MATCH = YES;
				CODE_SIGN_IDENTITY = "-";
				COPY_PHASE_STRIP = NO;
				DEAD_CODE_STRIPPING = YES;
				ENABLE_STRICT_OBJC_MSGSEND = YES;
				ENABLE_TESTABILITY = YES;
				GCC_C_LANGUAGE_STANDARD = gnu99;
				GCC_DYNAMIC_NO_PIC = NO;
				GCC_NO_COMMON_BLOCKS = YES;
				GCC_OPTIMIZATION_LEVEL = 0;
				GCC_PREPROCESSOR_DEFINITIONS = (
					"DEBUG=1",
					"$(inherited)",
				);
				GCC_SYMBOLS_PRIVATE_EXTERN = NO;
				GCC_WARN_64_TO_32_BIT_CONVERSION = YES;
				GCC_WARN_ABOUT_RETURN_TYPE = YES_ERROR;
				GCC_WARN_UNDECLARED_SELECTOR = YES;
				GCC_WARN_UNINITIALIZED_AUTOS = YES_AGGRESSIVE;
				GCC_WARN_UNUSED_FUNCTION = YES;
				GCC_WARN_UNUSED_VARIABLE = YES;
				MACOSX_DEPLOYMENT_TARGET = 12.4;
				MTL_ENABLE_DEBUG_INFO = YES;
				ONLY_ACTIVE_ARCH = YES;
				SDKROOT = macosx;
				SWIFT_OPTIMIZATION_LEVEL = "-Onone";
				SWIFT_VERSION = 5.0;
			};
			name = Debug;
		};
		0ED8479D1AB89E2E00710ABA /* Release */ = {
			isa = XCBuildConfiguration;
			buildSettings = {
				ALWAYS_SEARCH_USER_PATHS = NO;
				CLANG_ANALYZER_LOCALIZABILITY_NONLOCALIZED = YES;
				CLANG_CXX_LANGUAGE_STANDARD = "gnu++0x";
				CLANG_CXX_LIBRARY = "libc++";
				CLANG_ENABLE_MODULES = YES;
				CLANG_ENABLE_OBJC_ARC = YES;
				CLANG_WARN_BLOCK_CAPTURE_AUTORELEASING = YES;
				CLANG_WARN_BOOL_CONVERSION = YES;
				CLANG_WARN_COMMA = YES;
				CLANG_WARN_CONSTANT_CONVERSION = YES;
				CLANG_WARN_DEPRECATED_OBJC_IMPLEMENTATIONS = YES;
				CLANG_WARN_DIRECT_OBJC_ISA_USAGE = YES_ERROR;
				CLANG_WARN_EMPTY_BODY = YES;
				CLANG_WARN_ENUM_CONVERSION = YES;
				CLANG_WARN_INFINITE_RECURSION = YES;
				CLANG_WARN_INT_CONVERSION = YES;
				CLANG_WARN_NON_LITERAL_NULL_CONVERSION = YES;
				CLANG_WARN_OBJC_IMPLICIT_RETAIN_SELF = YES;
				CLANG_WARN_OBJC_LITERAL_CONVERSION = YES;
				CLANG_WARN_OBJC_ROOT_CLASS = YES_ERROR;
				CLANG_WARN_QUOTED_INCLUDE_IN_FRAMEWORK_HEADER = YES;
				CLANG_WARN_RANGE_LOOP_ANALYSIS = YES;
				CLANG_WARN_STRICT_PROTOTYPES = YES;
				CLANG_WARN_SUSPICIOUS_MOVE = YES;
				CLANG_WARN_UNREACHABLE_CODE = YES;
				CLANG_WARN__DUPLICATE_METHOD_MATCH = YES;
				CODE_SIGN_IDENTITY = "-";
				COPY_PHASE_STRIP = NO;
				DEAD_CODE_STRIPPING = YES;
				DEBUG_INFORMATION_FORMAT = "dwarf-with-dsym";
				ENABLE_NS_ASSERTIONS = NO;
				ENABLE_STRICT_OBJC_MSGSEND = YES;
				GCC_C_LANGUAGE_STANDARD = gnu99;
				GCC_NO_COMMON_BLOCKS = YES;
				GCC_WARN_64_TO_32_BIT_CONVERSION = YES;
				GCC_WARN_ABOUT_RETURN_TYPE = YES_ERROR;
				GCC_WARN_UNDECLARED_SELECTOR = YES;
				GCC_WARN_UNINITIALIZED_AUTOS = YES_AGGRESSIVE;
				GCC_WARN_UNUSED_FUNCTION = YES;
				GCC_WARN_UNUSED_VARIABLE = YES;
				MACOSX_DEPLOYMENT_TARGET = 12.4;
				MTL_ENABLE_DEBUG_INFO = NO;
				SDKROOT = macosx;
				SWIFT_COMPILATION_MODE = wholemodule;
				SWIFT_OPTIMIZATION_LEVEL = "-O";
				SWIFT_VERSION = 5.0;
			};
			name = Release;
		};
		0ED8479F1AB89E2E00710ABA /* Debug */ = {
			isa = XCBuildConfiguration;
			buildSettings = {
				ASSETCATALOG_COMPILER_APPICON_NAME = AppIcon;
				CODE_SIGN_IDENTITY = "-";
				COMBINE_HIDPI_IMAGES = YES;
				DEAD_CODE_STRIPPING = YES;
				INFOPLIST_FILE = BluetoothMicControl/Info.plist;
				INFOPLIST_KEY_LSApplicationCategoryType = "public.app-category.productivity";
				LD_RUNPATH_SEARCH_PATHS = (
					"$(inherited)",
					"@executable_path/../Frameworks",
				);
				MACOSX_DEPLOYMENT_TARGET = 12.4;
				MARKETING_VERSION = 1.0;
				PRODUCT_BUNDLE_IDENTIFIER = dev.wiskiw.BluetoothMicControl;
				PRODUCT_NAME = "$(TARGET_NAME)";
				SWIFT_SWIFT3_OBJC_INFERENCE = Default;
				SWIFT_VERSION = 5.0;
			};
			name = Debug;
		};
		0ED847A01AB89E2E00710ABA /* Release */ = {
			isa = XCBuildConfiguration;
			buildSettings = {
				ASSETCATALOG_COMPILER_APPICON_NAME = AppIcon;
				CODE_SIGN_IDENTITY = "-";
				COMBINE_HIDPI_IMAGES = YES;
				DEAD_CODE_STRIPPING = YES;
				INFOPLIST_FILE = BluetoothMicControl/Info.plist;
				INFOPLIST_KEY_LSApplicationCategoryType = "public.app-category.productivity";
				LD_RUNPATH_SEARCH_PATHS = (
					"$(inherited)",
					"@executable_path/../Frameworks",
				);
				MACOSX_DEPLOYMENT_TARGET = 12.4;
				MARKETING_VERSION = 1.0;
				PRODUCT_BUNDLE_IDENTIFIER = dev.wiskiw.BluetoothMicControl;
				PRODUCT_NAME = "$(TARGET_NAME)";
				SWIFT_SWIFT3_OBJC_INFERENCE = Default;
				SWIFT_VERSION = 5.0;
			};
			name = Release;
		};
/* End XCBuildConfiguration section */

/* Begin XCConfigurationList section */
		0ED8477F1AB89E2D00710ABA /* Build configuration list for PBXProject "BluetoothMicControl" */ = {
			isa = XCConfigurationList;
			buildConfigurations = (
				0ED8479C1AB89E2E00710ABA /* Debug */,
				0ED8479D1AB89E2E00710ABA /* Release */,
			);
			defaultConfigurationIsVisible = 0;
			defaultConfigurationName = Release;
		};
		0ED8479E1AB89E2E00710ABA /* Build configuration list for PBXNativeTarget "BluetoothMicControl" */ = {
			isa = XCConfigurationList;
			buildConfigurations = (
				0ED8479F1AB89E2E00710ABA /* Debug */,
				0ED847A01AB89E2E00710ABA /* Release */,
			);
			defaultConfigurationIsVisible = 0;
			defaultConfigurationName = Release;
		};
/* End XCConfigurationList section */

/* Begin XCRemoteSwiftPackageReference section */
		F63175C9293A6EA600556B17 /* XCRemoteSwiftPackageReference "SimplyCoreAudio" */ = {
			isa = XCRemoteSwiftPackageReference;
			repositoryURL = "https://github.com/rnine/SimplyCoreAudio.git";
			requirement = {
				kind = upToNextMajorVersion;
				minimumVersion = 4.0.0;
			};
		};
/* End XCRemoteSwiftPackageReference section */

/* Begin XCSwiftPackageProductDependency section */
		F63175CA293A6EA600556B17 /* SimplyCoreAudio */ = {
			isa = XCSwiftPackageProductDependency;
			package = F63175C9293A6EA600556B17 /* XCRemoteSwiftPackageReference "SimplyCoreAudio" */;
			productName = SimplyCoreAudio;
		};
/* End XCSwiftPackageProductDependency section */
	};
	rootObject = 0ED8477C1AB89E2D00710ABA /* Project object */;
}
